
Microsoft Visual Studio Solution File, Format Version 12.00
# Visual Studio Version 17
VisualStudioVersion = 17.11.35312.102
MinimumVisualStudioVersion = 10.0.40219.1
Project("{FAE04EC0-301F-11D3-BF4B-00C04F79EFBC}") = "RedisDemo", "RedisDemo\RedisDemo.csproj", "{51EB6CE0-8197-4787-BA3B-5BA6FDADAE3C}"
EndProject
Global
	GlobalSection(SolutionConfigurationPlatforms) = preSolution
		Debug|Any CPU = Debug|Any CPU
		Release|Any CPU = Release|Any CPU
	EndGlobalSection
	GlobalSection(ProjectConfigurationPlatforms) = postSolution
		{51EB6CE0-8197-4787-BA3B-5BA6FDADAE3C}.Debug|Any CPU.ActiveCfg = Debug|Any CPU
		{51EB6CE0-8197-4787-BA3B-5BA6FDADAE3C}.Debug|Any CPU.Build.0 = Debug|Any CPU
		{51EB6CE0-8197-4787-BA3B-5BA6FDADAE3C}.Release|Any CPU.ActiveCfg = Release|Any CPU
		{51EB6CE0-8197-4787-BA3B-5BA6FDADAE3C}.Release|Any CPU.Build.0 = Release|Any CPU
	EndGlobalSection
	GlobalSection(SolutionProperties) = preSolution
		HideSolutionNode = FALSE
	EndGlobalSection
	GlobalSection(ExtensibilityGlobals) = postSolution
		SolutionGuid = {879D1436-6531-461F-8FA1-98DF175B562A}
	EndGlobalSection
EndGlobal
